// !$*UTF8*$!
{
	archiveVersion = 1;
	classes = {
	};
	objectVersion = 50;
	objects = {

/* Begin PBXBuildFile section */
		3F08353F25A2DDBE0001B0E6 /* Question.swift in Sources */ = {isa = PBXBuildFile; fileRef = 3F08353E25A2DDBE0001B0E6 /* Question.swift */; };
		3F08354D25A2E9420001B0E6 /* backgroundMusic.wav in Resources */ = {isa = PBXBuildFile; fileRef = 3F08354C25A2E9420001B0E6 /* backgroundMusic.wav */; };
		3FC14A6825A211A700BDCF45 /* AppDelegate.swift in Sources */ = {isa = PBXBuildFile; fileRef = 3FC14A6725A211A700BDCF45 /* AppDelegate.swift */; };
		3FC14A6A25A211A700BDCF45 /* SceneDelegate.swift in Sources */ = {isa = PBXBuildFile; fileRef = 3FC14A6925A211A700BDCF45 /* SceneDelegate.swift */; };
		3FC14A6C25A211A700BDCF45 /* ViewController.swift in Sources */ = {isa = PBXBuildFile; fileRef = 3FC14A6B25A211A700BDCF45 /* ViewController.swift */; };
		3FC14A6F25A211A700BDCF45 /* Main.storyboard in Resources */ = {isa = PBXBuildFile; fileRef = 3FC14A6D25A211A700BDCF45 /* Main.storyboard */; };
		3FC14A7125A211AC00BDCF45 /* Assets.xcassets in Resources */ = {isa = PBXBuildFile; fileRef = 3FC14A7025A211AC00BDCF45 /* Assets.xcassets */; };
		3FC14A7425A211AC00BDCF45 /* LaunchScreen.storyboard in Resources */ = {isa = PBXBuildFile; fileRef = 3FC14A7225A211AC00BDCF45 /* LaunchScreen.storyboard */; };
		3FC14A7F25A211AD00BDCF45 /* TBD_TriviaTests.swift in Sources */ = {isa = PBXBuildFile; fileRef = 3FC14A7E25A211AD00BDCF45 /* TBD_TriviaTests.swift */; };
		3FC14A8A25A211AD00BDCF45 /* TBD_TriviaUITests.swift in Sources */ = {isa = PBXBuildFile; fileRef = 3FC14A8925A211AD00BDCF45 /* TBD_TriviaUITests.swift */; };
		3FC14A9B25A29C6E00BDCF45 /* MovieViewController.swift in Sources */ = {isa = PBXBuildFile; fileRef = 3FC14A9A25A29C6E00BDCF45 /* MovieViewController.swift */; };
		3FC14AA025A29C8100BDCF45 /* AnimeViewController.swift in Sources */ = {isa = PBXBuildFile; fileRef = 3FC14A9F25A29C8100BDCF45 /* AnimeViewController.swift */; };
		3FC14AA525A29C9800BDCF45 /* BoardgameViewController.swift in Sources */ = {isa = PBXBuildFile; fileRef = 3FC14AA425A29C9800BDCF45 /* BoardgameViewController.swift */; };
		3FC14AAF25A2A18900BDCF45 /* movieQuestionBank.swift in Sources */ = {isa = PBXBuildFile; fileRef = 3FC14AAE25A2A18900BDCF45 /* movieQuestionBank.swift */; };
		3FC14AB425A2BC3E00BDCF45 /* animeQuestionBank.swift in Sources */ = {isa = PBXBuildFile; fileRef = 3FC14AB325A2BC3E00BDCF45 /* animeQuestionBank.swift */; };
		3FC14AB925A2C50500BDCF45 /* boardgameQuestionBank.swift in Sources */ = {isa = PBXBuildFile; fileRef = 3FC14AB825A2C50500BDCF45 /* boardgameQuestionBank.swift */; };
		3FC14AC625A2D30E00BDCF45 /* CelebritiesQuestionBank.swift in Sources */ = {isa = PBXBuildFile; fileRef = 3FC14AC525A2D30E00BDCF45 /* CelebritiesQuestionBank.swift */; };
		3FC14ACB25A2D6F300BDCF45 /* CelebritiesViewController.swift in Sources */ = {isa = PBXBuildFile; fileRef = 3FC14ACA25A2D6F300BDCF45 /* CelebritiesViewController.swift */; };
/* End PBXBuildFile section */

/* Begin PBXContainerItemProxy section */
		3FC14A7B25A211AD00BDCF45 /* PBXContainerItemProxy */ = {
			isa = PBXContainerItemProxy;
			containerPortal = 3FC14A5C25A211A700BDCF45 /* Project object */;
			proxyType = 1;
			remoteGlobalIDString = 3FC14A6325A211A700BDCF45;
			remoteInfo = "TBD Trivia";
		};
		3FC14A8625A211AD00BDCF45 /* PBXContainerItemProxy */ = {
			isa = PBXContainerItemProxy;
			containerPortal = 3FC14A5C25A211A700BDCF45 /* Project object */;
			proxyType = 1;
			remoteGlobalIDString = 3FC14A6325A211A700BDCF45;
			remoteInfo = "TBD Trivia";
		};
/* End PBXContainerItemProxy section */

/* Begin PBXFileReference section */
		3F08353E25A2DDBE0001B0E6 /* Question.swift */ = {isa = PBXFileReference; lastKnownFileType = sourcecode.swift; path = Question.swift; sourceTree = "<group>"; };
		3F08354C25A2E9420001B0E6 /* backgroundMusic.wav */ = {isa = PBXFileReference; lastKnownFileType = audio.wav; name = backgroundMusic.wav; path = ../../../Downloads/backgroundMusic.wav; sourceTree = "<group>"; };
		3FC14A6425A211A700BDCF45 /* TBD Trivia.app */ = {isa = PBXFileReference; explicitFileType = wrapper.application; includeInIndex = 0; path = "TBD Trivia.app"; sourceTree = BUILT_PRODUCTS_DIR; };
		3FC14A6725A211A700BDCF45 /* AppDelegate.swift */ = {isa = PBXFileReference; lastKnownFileType = sourcecode.swift; path = AppDelegate.swift; sourceTree = "<group>"; };
		3FC14A6925A211A700BDCF45 /* SceneDelegate.swift */ = {isa = PBXFileReference; lastKnownFileType = sourcecode.swift; path = SceneDelegate.swift; sourceTree = "<group>"; };
		3FC14A6B25A211A700BDCF45 /* ViewController.swift */ = {isa = PBXFileReference; lastKnownFileType = sourcecode.swift; path = ViewController.swift; sourceTree = "<group>"; };
		3FC14A6E25A211A700BDCF45 /* Base */ = {isa = PBXFileReference; lastKnownFileType = file.storyboard; name = Base; path = Base.lproj/Main.storyboard; sourceTree = "<group>"; };
		3FC14A7025A211AC00BDCF45 /* Assets.xcassets */ = {isa = PBXFileReference; lastKnownFileType = folder.assetcatalog; path = Assets.xcassets; sourceTree = "<group>"; };
		3FC14A7325A211AC00BDCF45 /* Base */ = {isa = PBXFileReference; lastKnownFileType = file.storyboard; name = Base; path = Base.lproj/LaunchScreen.storyboard; sourceTree = "<group>"; };
		3FC14A7525A211AC00BDCF45 /* Info.plist */ = {isa = PBXFileReference; lastKnownFileType = text.plist.xml; path = Info.plist; sourceTree = "<group>"; };
		3FC14A7A25A211AD00BDCF45 /* TBD TriviaTests.xctest */ = {isa = PBXFileReference; explicitFileType = wrapper.cfbundle; includeInIndex = 0; path = "TBD TriviaTests.xctest"; sourceTree = BUILT_PRODUCTS_DIR; };
		3FC14A7E25A211AD00BDCF45 /* TBD_TriviaTests.swift */ = {isa = PBXFileReference; lastKnownFileType = sourcecode.swift; path = TBD_TriviaTests.swift; sourceTree = "<group>"; };
		3FC14A8025A211AD00BDCF45 /* Info.plist */ = {isa = PBXFileReference; lastKnownFileType = text.plist.xml; path = Info.plist; sourceTree = "<group>"; };
		3FC14A8525A211AD00BDCF45 /* TBD TriviaUITests.xctest */ = {isa = PBXFileReference; explicitFileType = wrapper.cfbundle; includeInIndex = 0; path = "TBD TriviaUITests.xctest"; sourceTree = BUILT_PRODUCTS_DIR; };
		3FC14A8925A211AD00BDCF45 /* TBD_TriviaUITests.swift */ = {isa = PBXFileReference; lastKnownFileType = sourcecode.swift; path = TBD_TriviaUITests.swift; sourceTree = "<group>"; };
		3FC14A8B25A211AD00BDCF45 /* Info.plist */ = {isa = PBXFileReference; lastKnownFileType = text.plist.xml; path = Info.plist; sourceTree = "<group>"; };
		3FC14A9A25A29C6E00BDCF45 /* MovieViewController.swift */ = {isa = PBXFileReference; lastKnownFileType = sourcecode.swift; path = MovieViewController.swift; sourceTree = "<group>"; };
		3FC14A9F25A29C8100BDCF45 /* AnimeViewController.swift */ = {isa = PBXFileReference; lastKnownFileType = sourcecode.swift; path = AnimeViewController.swift; sourceTree = "<group>"; };
		3FC14AA425A29C9800BDCF45 /* BoardgameViewController.swift */ = {isa = PBXFileReference; lastKnownFileType = sourcecode.swift; path = BoardgameViewController.swift; sourceTree = "<group>"; };
		3FC14AAE25A2A18900BDCF45 /* movieQuestionBank.swift */ = {isa = PBXFileReference; lastKnownFileType = sourcecode.swift; path = movieQuestionBank.swift; sourceTree = "<group>"; };
		3FC14AB325A2BC3E00BDCF45 /* animeQuestionBank.swift */ = {isa = PBXFileReference; lastKnownFileType = sourcecode.swift; path = animeQuestionBank.swift; sourceTree = "<group>"; };
		3FC14AB825A2C50500BDCF45 /* boardgameQuestionBank.swift */ = {isa = PBXFileReference; lastKnownFileType = sourcecode.swift; path = boardgameQuestionBank.swift; sourceTree = "<group>"; };
		3FC14AC525A2D30E00BDCF45 /* CelebritiesQuestionBank.swift */ = {isa = PBXFileReference; lastKnownFileType = sourcecode.swift; path = CelebritiesQuestionBank.swift; sourceTree = "<group>"; };
		3FC14ACA25A2D6F300BDCF45 /* CelebritiesViewController.swift */ = {isa = PBXFileReference; lastKnownFileType = sourcecode.swift; path = CelebritiesViewController.swift; sourceTree = "<group>"; };
/* End PBXFileReference section */

/* Begin PBXFrameworksBuildPhase section */
		3FC14A6125A211A700BDCF45 /* Frameworks */ = {
			isa = PBXFrameworksBuildPhase;
			buildActionMask = 2147483647;
			files = (
			);
			runOnlyForDeploymentPostprocessing = 0;
		};
		3FC14A7725A211AD00BDCF45 /* Frameworks */ = {
			isa = PBXFrameworksBuildPhase;
			buildActionMask = 2147483647;
			files = (
			);
			runOnlyForDeploymentPostprocessing = 0;
		};
		3FC14A8225A211AD00BDCF45 /* Frameworks */ = {
			isa = PBXFrameworksBuildPhase;
			buildActionMask = 2147483647;
			files = (
			);
			runOnlyForDeploymentPostprocessing = 0;
		};
/* End PBXFrameworksBuildPhase section */

/* Begin PBXGroup section */
		3F08354325A2E89B0001B0E6 /* Sound */ = {
			isa = PBXGroup;
			children = (
				3F08354C25A2E9420001B0E6 /* backgroundMusic.wav */,
			);
			path = Sound;
			sourceTree = "<group>";
		};
		3FC14A5B25A211A700BDCF45 = {
			isa = PBXGroup;
			children = (
				3F08354325A2E89B0001B0E6 /* Sound */,
				3F08353E25A2DDBE0001B0E6 /* Question.swift */,
				3FC14A6625A211A700BDCF45 /* TBD Trivia */,
				3FC14A7D25A211AD00BDCF45 /* TBD TriviaTests */,
				3FC14A8825A211AD00BDCF45 /* TBD TriviaUITests */,
				3FC14A6525A211A700BDCF45 /* Products */,
			);
			sourceTree = "<group>";
		};
		3FC14A6525A211A700BDCF45 /* Products */ = {
			isa = PBXGroup;
			children = (
				3FC14A6425A211A700BDCF45 /* TBD Trivia.app */,
				3FC14A7A25A211AD00BDCF45 /* TBD TriviaTests.xctest */,
				3FC14A8525A211AD00BDCF45 /* TBD TriviaUITests.xctest */,
			);
			name = Products;
			sourceTree = "<group>";
		};
		3FC14A6625A211A700BDCF45 /* TBD Trivia */ = {
			isa = PBXGroup;
			children = (
				3FC14A6725A211A700BDCF45 /* AppDelegate.swift */,
				3FC14A6925A211A700BDCF45 /* SceneDelegate.swift */,
				3FC14A6B25A211A700BDCF45 /* ViewController.swift */,
				3FC14A9F25A29C8100BDCF45 /* AnimeViewController.swift */,
				3FC14AB325A2BC3E00BDCF45 /* animeQuestionBank.swift */,
				3FC14AA425A29C9800BDCF45 /* BoardgameViewController.swift */,
				3FC14AB825A2C50500BDCF45 /* boardgameQuestionBank.swift */,
				3FC14ACA25A2D6F300BDCF45 /* CelebritiesViewController.swift */,
				3FC14AC525A2D30E00BDCF45 /* CelebritiesQuestionBank.swift */,
				3FC14A9A25A29C6E00BDCF45 /* MovieViewController.swift */,
				3FC14AAE25A2A18900BDCF45 /* movieQuestionBank.swift */,
				3FC14A6D25A211A700BDCF45 /* Main.storyboard */,
				3FC14A7025A211AC00BDCF45 /* Assets.xcassets */,
				3FC14A7225A211AC00BDCF45 /* LaunchScreen.storyboard */,
				3FC14A7525A211AC00BDCF45 /* Info.plist */,
			);
			path = "TBD Trivia";
			sourceTree = "<group>";
		};
		3FC14A7D25A211AD00BDCF45 /* TBD TriviaTests */ = {
			isa = PBXGroup;
			children = (
				3FC14A7E25A211AD00BDCF45 /* TBD_TriviaTests.swift */,
				3FC14A8025A211AD00BDCF45 /* Info.plist */,
			);
			path = "TBD TriviaTests";
			sourceTree = "<group>";
		};
		3FC14A8825A211AD00BDCF45 /* TBD TriviaUITests */ = {
			isa = PBXGroup;
			children = (
				3FC14A8925A211AD00BDCF45 /* TBD_TriviaUITests.swift */,
				3FC14A8B25A211AD00BDCF45 /* Info.plist */,
			);
			path = "TBD TriviaUITests";
			sourceTree = "<group>";
		};
/* End PBXGroup section */

/* Begin PBXNativeTarget section */
		3FC14A6325A211A700BDCF45 /* TBD Trivia */ = {
			isa = PBXNativeTarget;
			buildConfigurationList = 3FC14A8E25A211AD00BDCF45 /* Build configuration list for PBXNativeTarget "TBD Trivia" */;
			buildPhases = (
				3FC14A6025A211A700BDCF45 /* Sources */,
				3FC14A6125A211A700BDCF45 /* Frameworks */,
				3FC14A6225A211A700BDCF45 /* Resources */,
			);
			buildRules = (
			);
			dependencies = (
			);
			name = "TBD Trivia";
			productName = "TBD Trivia";
			productReference = 3FC14A6425A211A700BDCF45 /* TBD Trivia.app */;
			productType = "com.apple.product-type.application";
		};
		3FC14A7925A211AD00BDCF45 /* TBD TriviaTests */ = {
			isa = PBXNativeTarget;
			buildConfigurationList = 3FC14A9125A211AD00BDCF45 /* Build configuration list for PBXNativeTarget "TBD TriviaTests" */;
			buildPhases = (
				3FC14A7625A211AD00BDCF45 /* Sources */,
				3FC14A7725A211AD00BDCF45 /* Frameworks */,
				3FC14A7825A211AD00BDCF45 /* Resources */,
			);
			buildRules = (
			);
			dependencies = (
				3FC14A7C25A211AD00BDCF45 /* PBXTargetDependency */,
			);
			name = "TBD TriviaTests";
			productName = "TBD TriviaTests";
			productReference = 3FC14A7A25A211AD00BDCF45 /* TBD TriviaTests.xctest */;
			productType = "com.apple.product-type.bundle.unit-test";
		};
		3FC14A8425A211AD00BDCF45 /* TBD TriviaUITests */ = {
			isa = PBXNativeTarget;
			buildConfigurationList = 3FC14A9425A211AD00BDCF45 /* Build configuration list for PBXNativeTarget "TBD TriviaUITests" */;
			buildPhases = (
				3FC14A8125A211AD00BDCF45 /* Sources */,
				3FC14A8225A211AD00BDCF45 /* Frameworks */,
				3FC14A8325A211AD00BDCF45 /* Resources */,
			);
			buildRules = (
			);
			dependencies = (
				3FC14A8725A211AD00BDCF45 /* PBXTargetDependency */,
			);
			name = "TBD TriviaUITests";
			productName = "TBD TriviaUITests";
			productReference = 3FC14A8525A211AD00BDCF45 /* TBD TriviaUITests.xctest */;
			productType = "com.apple.product-type.bundle.ui-testing";
		};
/* End PBXNativeTarget section */

/* Begin PBXProject section */
		3FC14A5C25A211A700BDCF45 /* Project object */ = {
			isa = PBXProject;
			attributes = {
				LastSwiftUpdateCheck = 1210;
				LastUpgradeCheck = 1210;
				TargetAttributes = {
					3FC14A6325A211A700BDCF45 = {
						CreatedOnToolsVersion = 12.1;
					};
					3FC14A7925A211AD00BDCF45 = {
						CreatedOnToolsVersion = 12.1;
						TestTargetID = 3FC14A6325A211A700BDCF45;
					};
					3FC14A8425A211AD00BDCF45 = {
						CreatedOnToolsVersion = 12.1;
						TestTargetID = 3FC14A6325A211A700BDCF45;
					};
				};
			};
			buildConfigurationList = 3FC14A5F25A211A700BDCF45 /* Build configuration list for PBXProject "TBD Trivia" */;
			compatibilityVersion = "Xcode 9.3";
			developmentRegion = en;
			hasScannedForEncodings = 0;
			knownRegions = (
				en,
				Base,
			);
			mainGroup = 3FC14A5B25A211A700BDCF45;
			productRefGroup = 3FC14A6525A211A700BDCF45 /* Products */;
			projectDirPath = "";
			projectRoot = "";
			targets = (
				3FC14A6325A211A700BDCF45 /* TBD Trivia */,
				3FC14A7925A211AD00BDCF45 /* TBD TriviaTests */,
				3FC14A8425A211AD00BDCF45 /* TBD TriviaUITests */,
			);
		};
/* End PBXProject section */

/* Begin PBXResourcesBuildPhase section */
		3FC14A6225A211A700BDCF45 /* Resources */ = {
			isa = PBXResourcesBuildPhase;
			buildActionMask = 2147483647;
			files = (
				3F08354D25A2E9420001B0E6 /* backgroundMusic.wav in Resources */,
				3FC14A7425A211AC00BDCF45 /* LaunchScreen.storyboard in Resources */,
				3FC14A7125A211AC00BDCF45 /* Assets.xcassets in Resources */,
				3FC14A6F25A211A700BDCF45 /* Main.storyboard in Resources */,
			);
			runOnlyForDeploymentPostprocessing = 0;
		};
		3FC14A7825A211AD00BDCF45 /* Resources */ = {
			isa = PBXResourcesBuildPhase;
			buildActionMask = 2147483647;
			files = (
			);
			runOnlyForDeploymentPostprocessing = 0;
		};
		3FC14A8325A211AD00BDCF45 /* Resources */ = {
			isa = PBXResourcesBuildPhase;
			buildActionMask = 2147483647;
			files = (
			);
			runOnlyForDeploymentPostprocessing = 0;
		};
/* End PBXResourcesBuildPhase section */

/* Begin PBXSourcesBuildPhase section */
		3FC14A6025A211A700BDCF45 /* Sources */ = {
			isa = PBXSourcesBuildPhase;
			buildActionMask = 2147483647;
			files = (
				3FC14ACB25A2D6F300BDCF45 /* CelebritiesViewController.swift in Sources */,
				3FC14A6C25A211A700BDCF45 /* ViewController.swift in Sources */,
				3FC14AA025A29C8100BDCF45 /* AnimeViewController.swift in Sources */,
				3FC14A6825A211A700BDCF45 /* AppDelegate.swift in Sources */,
				3FC14AB425A2BC3E00BDCF45 /* animeQuestionBank.swift in Sources */,
				3FC14A6A25A211A700BDCF45 /* SceneDelegate.swift in Sources */,
				3FC14AB925A2C50500BDCF45 /* boardgameQuestionBank.swift in Sources */,
				3FC14A9B25A29C6E00BDCF45 /* MovieViewController.swift in Sources */,
				3FC14AAF25A2A18900BDCF45 /* movieQuestionBank.swift in Sources */,
				3F08353F25A2DDBE0001B0E6 /* Question.swift in Sources */,
				3FC14AA525A29C9800BDCF45 /* BoardgameViewController.swift in Sources */,
				3FC14AC625A2D30E00BDCF45 /* CelebritiesQuestionBank.swift in Sources */,
			);
			runOnlyForDeploymentPostprocessing = 0;
		};
		3FC14A7625A211AD00BDCF45 /* Sources */ = {
			isa = PBXSourcesBuildPhase;
			buildActionMask = 2147483647;
			files = (
				3FC14A7F25A211AD00BDCF45 /* TBD_TriviaTests.swift in Sources */,
			);
			runOnlyForDeploymentPostprocessing = 0;
		};
		3FC14A8125A211AD00BDCF45 /* Sources */ = {
			isa = PBXSourcesBuildPhase;
			buildActionMask = 2147483647;
			files = (
				3FC14A8A25A211AD00BDCF45 /* TBD_TriviaUITests.swift in Sources */,
			);
			runOnlyForDeploymentPostprocessing = 0;
		};
/* End PBXSourcesBuildPhase section */

/* Begin PBXTargetDependency section */
		3FC14A7C25A211AD00BDCF45 /* PBXTargetDependency */ = {
			isa = PBXTargetDependency;
			target = 3FC14A6325A211A700BDCF45 /* TBD Trivia */;
			targetProxy = 3FC14A7B25A211AD00BDCF45 /* PBXContainerItemProxy */;
		};
		3FC14A8725A211AD00BDCF45 /* PBXTargetDependency */ = {
			isa = PBXTargetDependency;
			target = 3FC14A6325A211A700BDCF45 /* TBD Trivia */;
			targetProxy = 3FC14A8625A211AD00BDCF45 /* PBXContainerItemProxy */;
		};
/* End PBXTargetDependency section */

/* Begin PBXVariantGroup section */
		3FC14A6D25A211A700BDCF45 /* Main.storyboard */ = {
			isa = PBXVariantGroup;
			children = (
				3FC14A6E25A211A700BDCF45 /* Base */,
			);
			name = Main.storyboard;
			sourceTree = "<group>";
		};
		3FC14A7225A211AC00BDCF45 /* LaunchScreen.storyboard */ = {
			isa = PBXVariantGroup;
			children = (
				3FC14A7325A211AC00BDCF45 /* Base */,
			);
			name = LaunchScreen.storyboard;
			sourceTree = "<group>";
		};
/* End PBXVariantGroup section */

/* Begin XCBuildConfiguration section */
		3FC14A8C25A211AD00BDCF45 /* Debug */ = {
			isa = XCBuildConfiguration;
			buildSettings = {
				ALWAYS_SEARCH_USER_PATHS = NO;
				CLANG_ANALYZER_NONNULL = YES;
				CLANG_ANALYZER_NUMBER_OBJECT_CONVERSION = YES_AGGRESSIVE;
				CLANG_CXX_LANGUAGE_STANDARD = "gnu++14";
				CLANG_CXX_LIBRARY = "libc++";
				CLANG_ENABLE_MODULES = YES;
				CLANG_ENABLE_OBJC_ARC = YES;
				CLANG_ENABLE_OBJC_WEAK = YES;
				CLANG_WARN_BLOCK_CAPTURE_AUTORELEASING = YES;
				CLANG_WARN_BOOL_CONVERSION = YES;
				CLANG_WARN_COMMA = YES;
				CLANG_WARN_CONSTANT_CONVERSION = YES;
				CLANG_WARN_DEPRECATED_OBJC_IMPLEMENTATIONS = YES;
				CLANG_WARN_DIRECT_OBJC_ISA_USAGE = YES_ERROR;
				CLANG_WARN_DOCUMENTATION_COMMENTS = YES;
				CLANG_WARN_EMPTY_BODY = YES;
				CLANG_WARN_ENUM_CONVERSION = YES;
				CLANG_WARN_INFINITE_RECURSION = YES;
				CLANG_WARN_INT_CONVERSION = YES;
				CLANG_WARN_NON_LITERAL_NULL_CONVERSION = YES;
				CLANG_WARN_OBJC_IMPLICIT_RETAIN_SELF = YES;
				CLANG_WARN_OBJC_LITERAL_CONVERSION = YES;
				CLANG_WARN_OBJC_ROOT_CLASS = YES_ERROR;
				CLANG_WARN_QUOTED_INCLUDE_IN_FRAMEWORK_HEADER = YES;
				CLANG_WARN_RANGE_LOOP_ANALYSIS = YES;
				CLANG_WARN_STRICT_PROTOTYPES = YES;
				CLANG_WARN_SUSPICIOUS_MOVE = YES;
				CLANG_WARN_UNGUARDED_AVAILABILITY = YES_AGGRESSIVE;
				CLANG_WARN_UNREACHABLE_CODE = YES;
				CLANG_WARN__DUPLICATE_METHOD_MATCH = YES;
				COPY_PHASE_STRIP = NO;
				DEBUG_INFORMATION_FORMAT = dwarf;
				ENABLE_STRICT_OBJC_MSGSEND = YES;
				ENABLE_TESTABILITY = YES;
				GCC_C_LANGUAGE_STANDARD = gnu11;
				GCC_DYNAMIC_NO_PIC = NO;
				GCC_NO_COMMON_BLOCKS = YES;
				GCC_OPTIMIZATION_LEVEL = 0;
				GCC_PREPROCESSOR_DEFINITIONS = (
					"DEBUG=1",
					"$(inherited)",
				);
				GCC_WARN_64_TO_32_BIT_CONVERSION = YES;
				GCC_WARN_ABOUT_RETURN_TYPE = YES_ERROR;
				GCC_WARN_UNDECLARED_SELECTOR = YES;
				GCC_WARN_UNINITIALIZED_AUTOS = YES_AGGRESSIVE;
				GCC_WARN_UNUSED_FUNCTION = YES;
				GCC_WARN_UNUSED_VARIABLE = YES;
				IPHONEOS_DEPLOYMENT_TARGET = 14.1;
				MTL_ENABLE_DEBUG_INFO = INCLUDE_SOURCE;
				MTL_FAST_MATH = YES;
				ONLY_ACTIVE_ARCH = YES;
				SDKROOT = iphoneos;
				SWIFT_ACTIVE_COMPILATION_CONDITIONS = DEBUG;
				SWIFT_OPTIMIZATION_LEVEL = "-Onone";
			};
			name = Debug;
		};
		3FC14A8D25A211AD00BDCF45 /* Release */ = {
			isa = XCBuildConfiguration;
			buildSettings = {
				ALWAYS_SEARCH_USER_PATHS = NO;
				CLANG_ANALYZER_NONNULL = YES;
				CLANG_ANALYZER_NUMBER_OBJECT_CONVERSION = YES_AGGRESSIVE;
				CLANG_CXX_LANGUAGE_STANDARD = "gnu++14";
				CLANG_CXX_LIBRARY = "libc++";
				CLANG_ENABLE_MODULES = YES;
				CLANG_ENABLE_OBJC_ARC = YES;
				CLANG_ENABLE_OBJC_WEAK = YES;
				CLANG_WARN_BLOCK_CAPTURE_AUTORELEASING = YES;
				CLANG_WARN_BOOL_CONVERSION = YES;
				CLANG_WARN_COMMA = YES;
				CLANG_WARN_CONSTANT_CONVERSION = YES;
				CLANG_WARN_DEPRECATED_OBJC_IMPLEMENTATIONS = YES;
				CLANG_WARN_DIRECT_OBJC_ISA_USAGE = YES_ERROR;
				CLANG_WARN_DOCUMENTATION_COMMENTS = YES;
				CLANG_WARN_EMPTY_BODY = YES;
				CLANG_WARN_ENUM_CONVERSION = YES;
				CLANG_WARN_INFINITE_RECURSION = YES;
				CLANG_WARN_INT_CONVERSION = YES;
				CLANG_WARN_NON_LITERAL_NULL_CONVERSION = YES;
				CLANG_WARN_OBJC_IMPLICIT_RETAIN_SELF = YES;
				CLANG_WARN_OBJC_LITERAL_CONVERSION = YES;
				CLANG_WARN_OBJC_ROOT_CLASS = YES_ERROR;
				CLANG_WARN_QUOTED_INCLUDE_IN_FRAMEWORK_HEADER = YES;
				CLANG_WARN_RANGE_LOOP_ANALYSIS = YES;
				CLANG_WARN_STRICT_PROTOTYPES = YES;
				CLANG_WARN_SUSPICIOUS_MOVE = YES;
				CLANG_WARN_UNGUARDED_AVAILABILITY = YES_AGGRESSIVE;
				CLANG_WARN_UNREACHABLE_CODE = YES;
				CLANG_WARN__DUPLICATE_METHOD_MATCH = YES;
				COPY_PHASE_STRIP = NO;
				DEBUG_INFORMATION_FORMAT = "dwarf-with-dsym";
				ENABLE_NS_ASSERTIONS = NO;
				ENABLE_STRICT_OBJC_MSGSEND = YES;
				GCC_C_LANGUAGE_STANDARD = gnu11;
				GCC_NO_COMMON_BLOCKS = YES;
				GCC_WARN_64_TO_32_BIT_CONVERSION = YES;
				GCC_WARN_ABOUT_RETURN_TYPE = YES_ERROR;
				GCC_WARN_UNDECLARED_SELECTOR = YES;
				GCC_WARN_UNINITIALIZED_AUTOS = YES_AGGRESSIVE;
				GCC_WARN_UNUSED_FUNCTION = YES;
				GCC_WARN_UNUSED_VARIABLE = YES;
				IPHONEOS_DEPLOYMENT_TARGET = 14.1;
				MTL_ENABLE_DEBUG_INFO = NO;
				MTL_FAST_MATH = YES;
				SDKROOT = iphoneos;
				SWIFT_COMPILATION_MODE = wholemodule;
				SWIFT_OPTIMIZATION_LEVEL = "-O";
				VALIDATE_PRODUCT = YES;
			};
			name = Release;
		};
		3FC14A8F25A211AD00BDCF45 /* Debug */ = {
			isa = XCBuildConfiguration;
			buildSettings = {
				ASSETCATALOG_COMPILER_APPICON_NAME = AppIcon;
				ASSETCATALOG_COMPILER_GLOBAL_ACCENT_COLOR_NAME = AccentColor;
				CODE_SIGN_STYLE = Automatic;
				DEVELOPMENT_TEAM = 833Z5S3N97;
				INFOPLIST_FILE = "TBD Trivia/Info.plist";
				LD_RUNPATH_SEARCH_PATHS = (
					"$(inherited)",
					"@executable_path/Frameworks",
				);
				PRODUCT_BUNDLE_IDENTIFIER = "Sandra.TBD-Trivia";
				PRODUCT_NAME = "$(TARGET_NAME)";
				SWIFT_VERSION = 5.0;
				TARGETED_DEVICE_FAMILY = "1,2";
			};
			name = Debug;
		};
		3FC14A9025A211AD00BDCF45 /* Release */ = {
			isa = XCBuildConfiguration;
			buildSettings = {
				ASSETCATALOG_COMPILER_APPICON_NAME = AppIcon;
				ASSETCATALOG_COMPILER_GLOBAL_ACCENT_COLOR_NAME = AccentColor;
				CODE_SIGN_STYLE = Automatic;
				DEVELOPMENT_TEAM = 833Z5S3N97;
				INFOPLIST_FILE = "TBD Trivia/Info.plist";
				LD_RUNPATH_SEARCH_PATHS = (
					"$(inherited)",
					"@executable_path/Frameworks",
				);
				PRODUCT_BUNDLE_IDENTIFIER = "Sandra.TBD-Trivia";
				PRODUCT_NAME = "$(TARGET_NAME)";
				SWIFT_VERSION = 5.0;
				TARGETED_DEVICE_FAMILY = "1,2";
			};
			name = Release;
		};
		3FC14A9225A211AD00BDCF45 /* Debug */ = {
			isa = XCBuildConfiguration;
			buildSettings = {
				ALWAYS_EMBED_SWIFT_STANDARD_LIBRARIES = YES;
				BUNDLE_LOADER = "$(TEST_HOST)";
				CODE_SIGN_STYLE = Automatic;
				DEVELOPMENT_TEAM = 833Z5S3N97;
				INFOPLIST_FILE = "TBD TriviaTests/Info.plist";
				IPHONEOS_DEPLOYMENT_TARGET = 14.1;
				LD_RUNPATH_SEARCH_PATHS = (
					"$(inherited)",
					"@executable_path/Frameworks",
					"@loader_path/Frameworks",
				);
				PRODUCT_BUNDLE_IDENTIFIER = "Sandra.TBD-TriviaTests";
				PRODUCT_NAME = "$(TARGET_NAME)";
				SWIFT_VERSION = 5.0;
				TARGETED_DEVICE_FAMILY = "1,2";
				TEST_HOST = "$(BUILT_PRODUCTS_DIR)/TBD Trivia.app/TBD Trivia";
			};
			name = Debug;
		};
		3FC14A9325A211AD00BDCF45 /* Release */ = {
			isa = XCBuildConfiguration;
			buildSettings = {
				ALWAYS_EMBED_SWIFT_STANDARD_LIBRARIES = YES;
				BUNDLE_LOADER = "$(TEST_HOST)";
				CODE_SIGN_STYLE = Automatic;
				DEVELOPMENT_TEAM = 833Z5S3N97;
				INFOPLIST_FILE = "TBD TriviaTests/Info.plist";
				IPHONEOS_DEPLOYMENT_TARGET = 14.1;
				LD_RUNPATH_SEARCH_PATHS = (
					"$(inherited)",
					"@executable_path/Frameworks",
					"@loader_path/Frameworks",
				);
				PRODUCT_BUNDLE_IDENTIFIER = "Sandra.TBD-TriviaTests";
				PRODUCT_NAME = "$(TARGET_NAME)";
				SWIFT_VERSION = 5.0;
				TARGETED_DEVICE_FAMILY = "1,2";
				TEST_HOST = "$(BUILT_PRODUCTS_DIR)/TBD Trivia.app/TBD Trivia";
			};
			name = Release;
		};
		3FC14A9525A211AD00BDCF45 /* Debug */ = {
			isa = XCBuildConfiguration;
			buildSettings = {
				ALWAYS_EMBED_SWIFT_STANDARD_LIBRARIES = YES;
				CODE_SIGN_STYLE = Automatic;
				DEVELOPMENT_TEAM = 833Z5S3N97;
				INFOPLIST_FILE = "TBD TriviaUITests/Info.plist";
				LD_RUNPATH_SEARCH_PATHS = (
					"$(inherited)",
					"@executable_path/Frameworks",
					"@loader_path/Frameworks",
				);
				PRODUCT_BUNDLE_IDENTIFIER = "Sandra.TBD-TriviaUITests";
				PRODUCT_NAME = "$(TARGET_NAME)";
				SWIFT_VERSION = 5.0;
				TARGETED_DEVICE_FAMILY = "1,2";
				TEST_TARGET_NAME = "TBD Trivia";
			};
			name = Debug;
		};
		3FC14A9625A211AD00BDCF45 /* Release */ = {
			isa = XCBuildConfiguration;
			buildSettings = {
				ALWAYS_EMBED_SWIFT_STANDARD_LIBRARIES = YES;
				CODE_SIGN_STYLE = Automatic;
				DEVELOPMENT_TEAM = 833Z5S3N97;
				INFOPLIST_FILE = "TBD TriviaUITests/Info.plist";
				LD_RUNPATH_SEARCH_PATHS = (
					"$(inherited)",
					"@executable_path/Frameworks",
					"@loader_path/Frameworks",
				);
				PRODUCT_BUNDLE_IDENTIFIER = "Sandra.TBD-TriviaUITests";
				PRODUCT_NAME = "$(TARGET_NAME)";
				SWIFT_VERSION = 5.0;
				TARGETED_DEVICE_FAMILY = "1,2";
				TEST_TARGET_NAME = "TBD Trivia";
			};
			name = Release;
		};
/* End XCBuildConfiguration section */

/* Begin XCConfigurationList section */
		3FC14A5F25A211A700BDCF45 /* Build configuration list for PBXProject "TBD Trivia" */ = {
			isa = XCConfigurationList;
			buildConfigurations = (
				3FC14A8C25A211AD00BDCF45 /* Debug */,
				3FC14A8D25A211AD00BDCF45 /* Release */,
			);
			defaultConfigurationIsVisible = 0;
			defaultConfigurationName = Release;
		};
		3FC14A8E25A211AD00BDCF45 /* Build configuration list for PBXNativeTarget "TBD Trivia" */ = {
			isa = XCConfigurationList;
			buildConfigurations = (
				3FC14A8F25A211AD00BDCF45 /* Debug */,
				3FC14A9025A211AD00BDCF45 /* Release */,
			);
			defaultConfigurationIsVisible = 0;
			defaultConfigurationName = Release;
		};
		3FC14A9125A211AD00BDCF45 /* Build configuration list for PBXNativeTarget "TBD TriviaTests" */ = {
			isa = XCConfigurationList;
			buildConfigurations = (
				3FC14A9225A211AD00BDCF45 /* Debug */,
				3FC14A9325A211AD00BDCF45 /* Release */,
			);
			defaultConfigurationIsVisible = 0;
			defaultConfigurationName = Release;
		};
		3FC14A9425A211AD00BDCF45 /* Build configuration list for PBXNativeTarget "TBD TriviaUITests" */ = {
			isa = XCConfigurationList;
			buildConfigurations = (
				3FC14A9525A211AD00BDCF45 /* Debug */,
				3FC14A9625A211AD00BDCF45 /* Release */,
			);
			defaultConfigurationIsVisible = 0;
			defaultConfigurationName = Release;
		};
/* End XCConfigurationList section */
	};
	rootObject = 3FC14A5C25A211A700BDCF45 /* Project object */;
}
